
Microsoft Visual Studio Solution File, Format Version 12.00
# Visual Studio Version 17
VisualStudioVersion = 17.0.31903.59
MinimumVisualStudioVersion = 10.0.40219.1
Project("{9A19103F-16F7-4668-BE54-9A1E7A4F7556}") = "ESourcing.Products", "ESourcing.Products\ESourcing.Products.csproj", "{38A96DB2-18CA-4381-99E3-0C44F6C27215}"
EndProject
Project("{2150E333-8FDC-42A3-9474-1A3956D46DE8}") = "Products", "Products", "{DDA39D54-F98B-4889-AFB6-AEB68FDCF662}"
EndProject
Project("{2150E333-8FDC-42A3-9474-1A3956D46DE8}") = "src", "src", "{93964FE0-1CB3-466D-8E22-D3474DCCE8CF}"
EndProject
Project("{2150E333-8FDC-42A3-9474-1A3956D46DE8}") = "ApiGateway", "ApiGateway", "{D0CF2B88-DA2E-46E7-9695-33CA57363A27}"
EndProject
Project("{2150E333-8FDC-42A3-9474-1A3956D46DE8}") = "Services", "Services", "{255C59CC-E8EC-46E0-B966-DCCF4BA30B37}"
EndProject
Project("{2150E333-8FDC-42A3-9474-1A3956D46DE8}") = "WebApp", "WebApp", "{2BC8BC05-CE32-4816-AE4F-7A0DE1B99430}"
EndProject
Project("{2150E333-8FDC-42A3-9474-1A3956D46DE8}") = "Common", "Common", "{D61854F4-68E3-45A8-82F3-120D2DA30021}"
EndProject
Project("{2150E333-8FDC-42A3-9474-1A3956D46DE8}") = "Order", "Order", "{3F797406-A700-4C29-AABB-8FF4831859E5}"
EndProject
Project("{2150E333-8FDC-42A3-9474-1A3956D46DE8}") = "Sourcing", "Sourcing", "{4DFF4958-E9C7-4ADE-8E70-ED6E048A86BD}"
EndProject
Project("{9A19103F-16F7-4668-BE54-9A1E7A4F7556}") = "ESourcing.Sourcing", "ESourcing.Sourcing\ESourcing.Sourcing.csproj", "{BE70FF60-5B15-4525-8676-0A41C96E537E}"
EndProject
Project("{9A19103F-16F7-4668-BE54-9A1E7A4F7556}") = "EventBusRabbitMQ", "EventBusRabbitMQ\EventBusRabbitMQ.csproj", "{BBB04539-466A-49F9-840D-CA667FDA4215}"
EndProject
Project("{FAE04EC0-301F-11D3-BF4B-00C04F79EFBC}") = "ESourcing.Order", "ESourcing.Order\ESourcing.Order.csproj", "{F5A4E8B9-C3C4-40CB-A6EE-C965A0E90A92}"
EndProject
Project("{FAE04EC0-301F-11D3-BF4B-00C04F79EFBC}") = "Ordering.Domain", "Ordering.Domain\Ordering.Domain.csproj", "{4EBC0AE4-4620-48C9-BE55-054A21DBC827}"
EndProject
Project("{FAE04EC0-301F-11D3-BF4B-00C04F79EFBC}") = "Ordering.Infastructure", "Ordering.Infastructure\Ordering.Infastructure.csproj", "{C9006777-1425-4CF7-9A93-7D6EA4C0743D}"
EndProject
Project("{FAE04EC0-301F-11D3-BF4B-00C04F79EFBC}") = "Ordering.Application", "Ordering.Application\Ordering.Application.csproj", "{0B79BB50-66B1-4B31-B071-C797D62CEFA4}"
EndProject
Project("{FAE04EC0-301F-11D3-BF4B-00C04F79EFBC}") = "Esourcing.Gateway", "Esourcing.Gateway\Esourcing.Gateway.csproj", "{F145FBC7-7D51-4509-8483-A5802B3572FC}"
EndProject
Global
	GlobalSection(SolutionConfigurationPlatforms) = preSolution
		Debug|Any CPU = Debug|Any CPU
		Release|Any CPU = Release|Any CPU
	EndGlobalSection
	GlobalSection(ProjectConfigurationPlatforms) = postSolution
		{38A96DB2-18CA-4381-99E3-0C44F6C27215}.Debug|Any CPU.ActiveCfg = Debug|Any CPU
		{38A96DB2-18CA-4381-99E3-0C44F6C27215}.Debug|Any CPU.Build.0 = Debug|Any CPU
		{38A96DB2-18CA-4381-99E3-0C44F6C27215}.Release|Any CPU.ActiveCfg = Release|Any CPU
		{38A96DB2-18CA-4381-99E3-0C44F6C27215}.Release|Any CPU.Build.0 = Release|Any CPU
		{BE70FF60-5B15-4525-8676-0A41C96E537E}.Debug|Any CPU.ActiveCfg = Debug|Any CPU
		{BE70FF60-5B15-4525-8676-0A41C96E537E}.Debug|Any CPU.Build.0 = Debug|Any CPU
		{BE70FF60-5B15-4525-8676-0A41C96E537E}.Release|Any CPU.ActiveCfg = Release|Any CPU
		{BE70FF60-5B15-4525-8676-0A41C96E537E}.Release|Any CPU.Build.0 = Release|Any CPU
		{BBB04539-466A-49F9-840D-CA667FDA4215}.Debug|Any CPU.ActiveCfg = Debug|Any CPU
		{BBB04539-466A-49F9-840D-CA667FDA4215}.Debug|Any CPU.Build.0 = Debug|Any CPU
		{BBB04539-466A-49F9-840D-CA667FDA4215}.Release|Any CPU.ActiveCfg = Release|Any CPU
		{BBB04539-466A-49F9-840D-CA667FDA4215}.Release|Any CPU.Build.0 = Release|Any CPU
		{F5A4E8B9-C3C4-40CB-A6EE-C965A0E90A92}.Debug|Any CPU.ActiveCfg = Debug|Any CPU
		{F5A4E8B9-C3C4-40CB-A6EE-C965A0E90A92}.Debug|Any CPU.Build.0 = Debug|Any CPU
		{F5A4E8B9-C3C4-40CB-A6EE-C965A0E90A92}.Release|Any CPU.ActiveCfg = Release|Any CPU
		{F5A4E8B9-C3C4-40CB-A6EE-C965A0E90A92}.Release|Any CPU.Build.0 = Release|Any CPU
		{4EBC0AE4-4620-48C9-BE55-054A21DBC827}.Debug|Any CPU.ActiveCfg = Debug|Any CPU
		{4EBC0AE4-4620-48C9-BE55-054A21DBC827}.Debug|Any CPU.Build.0 = Debug|Any CPU
		{4EBC0AE4-4620-48C9-BE55-054A21DBC827}.Release|Any CPU.ActiveCfg = Release|Any CPU
		{4EBC0AE4-4620-48C9-BE55-054A21DBC827}.Release|Any CPU.Build.0 = Release|Any CPU
		{C9006777-1425-4CF7-9A93-7D6EA4C0743D}.Debug|Any CPU.ActiveCfg = Debug|Any CPU
		{C9006777-1425-4CF7-9A93-7D6EA4C0743D}.Debug|Any CPU.Build.0 = Debug|Any CPU
		{C9006777-1425-4CF7-9A93-7D6EA4C0743D}.Release|Any CPU.ActiveCfg = Release|Any CPU
		{C9006777-1425-4CF7-9A93-7D6EA4C0743D}.Release|Any CPU.Build.0 = Release|Any CPU
		{0B79BB50-66B1-4B31-B071-C797D62CEFA4}.Debug|Any CPU.ActiveCfg = Debug|Any CPU
		{0B79BB50-66B1-4B31-B071-C797D62CEFA4}.Debug|Any CPU.Build.0 = Debug|Any CPU
		{0B79BB50-66B1-4B31-B071-C797D62CEFA4}.Release|Any CPU.ActiveCfg = Release|Any CPU
		{0B79BB50-66B1-4B31-B071-C797D62CEFA4}.Release|Any CPU.Build.0 = Release|Any CPU
		{F145FBC7-7D51-4509-8483-A5802B3572FC}.Debug|Any CPU.ActiveCfg = Debug|Any CPU
		{F145FBC7-7D51-4509-8483-A5802B3572FC}.Debug|Any CPU.Build.0 = Debug|Any CPU
		{F145FBC7-7D51-4509-8483-A5802B3572FC}.Release|Any CPU.ActiveCfg = Release|Any CPU
		{F145FBC7-7D51-4509-8483-A5802B3572FC}.Release|Any CPU.Build.0 = Release|Any CPU
	EndGlobalSection
	GlobalSection(SolutionProperties) = preSolution
		HideSolutionNode = FALSE
	EndGlobalSection
	GlobalSection(NestedProjects) = preSolution
		{38A96DB2-18CA-4381-99E3-0C44F6C27215} = {DDA39D54-F98B-4889-AFB6-AEB68FDCF662}
		{DDA39D54-F98B-4889-AFB6-AEB68FDCF662} = {255C59CC-E8EC-46E0-B966-DCCF4BA30B37}
		{D0CF2B88-DA2E-46E7-9695-33CA57363A27} = {93964FE0-1CB3-466D-8E22-D3474DCCE8CF}
		{255C59CC-E8EC-46E0-B966-DCCF4BA30B37} = {93964FE0-1CB3-466D-8E22-D3474DCCE8CF}
		{2BC8BC05-CE32-4816-AE4F-7A0DE1B99430} = {93964FE0-1CB3-466D-8E22-D3474DCCE8CF}
		{D61854F4-68E3-45A8-82F3-120D2DA30021} = {255C59CC-E8EC-46E0-B966-DCCF4BA30B37}
		{3F797406-A700-4C29-AABB-8FF4831859E5} = {255C59CC-E8EC-46E0-B966-DCCF4BA30B37}
		{4DFF4958-E9C7-4ADE-8E70-ED6E048A86BD} = {255C59CC-E8EC-46E0-B966-DCCF4BA30B37}
		{BE70FF60-5B15-4525-8676-0A41C96E537E} = {4DFF4958-E9C7-4ADE-8E70-ED6E048A86BD}
		{BBB04539-466A-49F9-840D-CA667FDA4215} = {D61854F4-68E3-45A8-82F3-120D2DA30021}
		{F5A4E8B9-C3C4-40CB-A6EE-C965A0E90A92} = {3F797406-A700-4C29-AABB-8FF4831859E5}
		{4EBC0AE4-4620-48C9-BE55-054A21DBC827} = {3F797406-A700-4C29-AABB-8FF4831859E5}
		{C9006777-1425-4CF7-9A93-7D6EA4C0743D} = {3F797406-A700-4C29-AABB-8FF4831859E5}
		{0B79BB50-66B1-4B31-B071-C797D62CEFA4} = {3F797406-A700-4C29-AABB-8FF4831859E5}
		{F145FBC7-7D51-4509-8483-A5802B3572FC} = {D0CF2B88-DA2E-46E7-9695-33CA57363A27}
	EndGlobalSection
	GlobalSection(ExtensibilityGlobals) = postSolution
		SolutionGuid = {8E0F81CF-AED4-4A02-B14A-841429B1F198}
	EndGlobalSection
EndGlobal
